
Microsoft Visual Studio Solution File, Format Version 12.00
# Visual Studio Version 17
VisualStudioVersion = 17.1.32407.343
MinimumVisualStudioVersion = 10.0.40219.1
Project("{9A19103F-16F7-4668-BE54-9A1E7A4F7556}") = "SimpleBinaryTag", "SimpleBinaryTag\SimpleBinaryTag.csproj", "{1851FB4B-DB13-4E2E-BB3D-7695996D3C25}"
EndProject
Project("{9A19103F-16F7-4668-BE54-9A1E7A4F7556}") = "CommonUtilities", "CommonUtilities\CommonUtilities.csproj", "{794231D0-4271-4A17-97BE-C372382DC102}"
EndProject
Project("{2150E333-8FDC-42A3-9474-1A3956D46DE8}") = "Utilities", "Utilities", "{AECB5C66-E247-4BC1-8A9A-E51B3F8BF741}"
EndProject
Project("{9A19103F-16F7-4668-BE54-9A1E7A4F7556}") = "CloudServiceProvider.GoogleCloud.Common", "CloudServiceProvider.GoogleCloud.Common\CloudServiceProvider.GoogleCloud.Common.csproj", "{15218F71-599A-4698-86C2-7DBC7FCC23FF}"
EndProject
Project("{2150E333-8FDC-42A3-9474-1A3956D46DE8}") = "CloudServiceProvider", "CloudServiceProvider", "{BD1FCE3F-51BA-4CBA-BD8B-02D221D7899D}"
EndProject
Project("{9A19103F-16F7-4668-BE54-9A1E7A4F7556}") = "CustomDialogs", "CustomDialogs\CustomDialogs.csproj", "{FAA7E061-CEB9-49C2-80F1-4A14C6A65028}"
EndProject
Global
	GlobalSection(SolutionConfigurationPlatforms) = preSolution
		Debug|Any CPU = Debug|Any CPU
		Debug|ARM32 = Debug|ARM32
		Debug|x64 = Debug|x64
		Release|Any CPU = Release|Any CPU
		Release|ARM32 = Release|ARM32
		Release|x64 = Release|x64
	EndGlobalSection
	GlobalSection(ProjectConfigurationPlatforms) = postSolution
		{1851FB4B-DB13-4E2E-BB3D-7695996D3C25}.Debug|Any CPU.ActiveCfg = Debug|Any CPU
		{1851FB4B-DB13-4E2E-BB3D-7695996D3C25}.Debug|Any CPU.Build.0 = Debug|Any CPU
		{1851FB4B-DB13-4E2E-BB3D-7695996D3C25}.Debug|ARM32.ActiveCfg = Debug|ARM32
		{1851FB4B-DB13-4E2E-BB3D-7695996D3C25}.Debug|ARM32.Build.0 = Debug|ARM32
		{1851FB4B-DB13-4E2E-BB3D-7695996D3C25}.Debug|x64.ActiveCfg = Debug|x64
		{1851FB4B-DB13-4E2E-BB3D-7695996D3C25}.Debug|x64.Build.0 = Debug|x64
		{1851FB4B-DB13-4E2E-BB3D-7695996D3C25}.Release|Any CPU.ActiveCfg = Release|Any CPU
		{1851FB4B-DB13-4E2E-BB3D-7695996D3C25}.Release|Any CPU.Build.0 = Release|Any CPU
		{1851FB4B-DB13-4E2E-BB3D-7695996D3C25}.Release|ARM32.ActiveCfg = Release|ARM32
		{1851FB4B-DB13-4E2E-BB3D-7695996D3C25}.Release|ARM32.Build.0 = Release|ARM32
		{1851FB4B-DB13-4E2E-BB3D-7695996D3C25}.Release|x64.ActiveCfg = Release|x64
		{1851FB4B-DB13-4E2E-BB3D-7695996D3C25}.Release|x64.Build.0 = Release|x64
		{794231D0-4271-4A17-97BE-C372382DC102}.Debug|Any CPU.ActiveCfg = Debug|Any CPU
		{794231D0-4271-4A17-97BE-C372382DC102}.Debug|Any CPU.Build.0 = Debug|Any CPU
		{794231D0-4271-4A17-97BE-C372382DC102}.Debug|ARM32.ActiveCfg = Debug|Any CPU
		{794231D0-4271-4A17-97BE-C372382DC102}.Debug|ARM32.Build.0 = Debug|Any CPU
		{794231D0-4271-4A17-97BE-C372382DC102}.Debug|x64.ActiveCfg = Debug|x64
		{794231D0-4271-4A17-97BE-C372382DC102}.Debug|x64.Build.0 = Debug|x64
		{794231D0-4271-4A17-97BE-C372382DC102}.Release|Any CPU.ActiveCfg = Release|Any CPU
		{794231D0-4271-4A17-97BE-C372382DC102}.Release|Any CPU.Build.0 = Release|Any CPU
		{794231D0-4271-4A17-97BE-C372382DC102}.Release|ARM32.ActiveCfg = Release|Any CPU
		{794231D0-4271-4A17-97BE-C372382DC102}.Release|ARM32.Build.0 = Release|Any CPU
		{794231D0-4271-4A17-97BE-C372382DC102}.Release|x64.ActiveCfg = Release|x64
		{794231D0-4271-4A17-97BE-C372382DC102}.Release|x64.Build.0 = Release|x64
		{15218F71-599A-4698-86C2-7DBC7FCC23FF}.Debug|Any CPU.ActiveCfg = Debug|Any CPU
		{15218F71-599A-4698-86C2-7DBC7FCC23FF}.Debug|Any CPU.Build.0 = Debug|Any CPU
		{15218F71-599A-4698-86C2-7DBC7FCC23FF}.Debug|ARM32.ActiveCfg = Debug|Any CPU
		{15218F71-599A-4698-86C2-7DBC7FCC23FF}.Debug|ARM32.Build.0 = Debug|Any CPU
		{15218F71-599A-4698-86C2-7DBC7FCC23FF}.Debug|x64.ActiveCfg = Debug|x64
		{15218F71-599A-4698-86C2-7DBC7FCC23FF}.Debug|x64.Build.0 = Debug|x64
		{15218F71-599A-4698-86C2-7DBC7FCC23FF}.Release|Any CPU.ActiveCfg = Release|Any CPU
		{15218F71-599A-4698-86C2-7DBC7FCC23FF}.Release|Any CPU.Build.0 = Release|Any CPU
		{15218F71-599A-4698-86C2-7DBC7FCC23FF}.Release|ARM32.ActiveCfg = Release|Any CPU
		{15218F71-599A-4698-86C2-7DBC7FCC23FF}.Release|ARM32.Build.0 = Release|Any CPU
		{15218F71-599A-4698-86C2-7DBC7FCC23FF}.Release|x64.ActiveCfg = Release|x64
		{15218F71-599A-4698-86C2-7DBC7FCC23FF}.Release|x64.Build.0 = Release|x64
		{FAA7E061-CEB9-49C2-80F1-4A14C6A65028}.Debug|Any CPU.ActiveCfg = Debug|Any CPU
		{FAA7E061-CEB9-49C2-80F1-4A14C6A65028}.Debug|Any CPU.Build.0 = Debug|Any CPU
		{FAA7E061-CEB9-49C2-80F1-4A14C6A65028}.Debug|ARM32.ActiveCfg = Debug|Any CPU
		{FAA7E061-CEB9-49C2-80F1-4A14C6A65028}.Debug|ARM32.Build.0 = Debug|Any CPU
		{FAA7E061-CEB9-49C2-80F1-4A14C6A65028}.Debug|x64.ActiveCfg = Debug|x64
		{FAA7E061-CEB9-49C2-80F1-4A14C6A65028}.Debug|x64.Build.0 = Debug|x64
		{FAA7E061-CEB9-49C2-80F1-4A14C6A65028}.Release|Any CPU.ActiveCfg = Release|Any CPU
		{FAA7E061-CEB9-49C2-80F1-4A14C6A65028}.Release|Any CPU.Build.0 = Release|Any CPU
		{FAA7E061-CEB9-49C2-80F1-4A14C6A65028}.Release|ARM32.ActiveCfg = Release|Any CPU
		{FAA7E061-CEB9-49C2-80F1-4A14C6A65028}.Release|ARM32.Build.0 = Release|Any CPU
		{FAA7E061-CEB9-49C2-80F1-4A14C6A65028}.Release|x64.ActiveCfg = Release|x64
		{FAA7E061-CEB9-49C2-80F1-4A14C6A65028}.Release|x64.Build.0 = Release|x64
	EndGlobalSection
	GlobalSection(SolutionProperties) = preSolution
		HideSolutionNode = FALSE
	EndGlobalSection
	GlobalSection(NestedProjects) = preSolution
		{1851FB4B-DB13-4E2E-BB3D-7695996D3C25} = {AECB5C66-E247-4BC1-8A9A-E51B3F8BF741}
		{794231D0-4271-4A17-97BE-C372382DC102} = {AECB5C66-E247-4BC1-8A9A-E51B3F8BF741}
		{15218F71-599A-4698-86C2-7DBC7FCC23FF} = {BD1FCE3F-51BA-4CBA-BD8B-02D221D7899D}
		{FAA7E061-CEB9-49C2-80F1-4A14C6A65028} = {AECB5C66-E247-4BC1-8A9A-E51B3F8BF741}
	EndGlobalSection
	GlobalSection(ExtensibilityGlobals) = postSolution
		SolutionGuid = {EF6DA21D-8FF8-4C57-9FBD-2F0AEEB054E9}
	EndGlobalSection
EndGlobal
